
Microsoft Visual Studio Solution File, Format Version 12.00
# Visual Studio Version 17
VisualStudioVersion = 17.11.35327.3
MinimumVisualStudioVersion = 10.0.40219.1
Project("{2150E333-8FDC-42A3-9474-1A3956D46DE8}") = "Src", "Src", "{F2621886-FC06-4BE7-9B76-759D593223E3}"
EndProject
Project("{2150E333-8FDC-42A3-9474-1A3956D46DE8}") = "Services", "Services", "{1339D439-4587-4BB5-B936-FBE196AB910F}"
EndProject
Project("{2150E333-8FDC-42A3-9474-1A3956D46DE8}") = "UserService", "UserService", "{1F279679-946F-4C2F-B425-099ECA7D23B5}"
EndProject
Project("{9A19103F-16F7-4668-BE54-9A1E7A4F7556}") = "UserService", "UserService\UserService.csproj", "{CF89B71A-9B01-4488-92B2-6C356FC15A8D}"
EndProject
Project("{2150E333-8FDC-42A3-9474-1A3956D46DE8}") = "Tests", "Tests", "{3D99ADF1-D480-4106-9B55-080213755AAB}"
EndProject
Project("{2150E333-8FDC-42A3-9474-1A3956D46DE8}") = "AppointmentService", "AppointmentService", "{CC600BE8-DE3D-4B26-9A1B-760C6EA40366}"
EndProject
Project("{9A19103F-16F7-4668-BE54-9A1E7A4F7556}") = "AppointmentService.API", "AppointmentService\AppointmentService.API.csproj", "{B9081EFC-FDE7-4DFB-904D-4EE4E8CDED5A}"
EndProject
Project("{9A19103F-16F7-4668-BE54-9A1E7A4F7556}") = "AppointmentService.Application", "AppointmentService.Application\AppointmentService.Application.csproj", "{7C63F792-AAF7-4C5D-86BC-AA6C2301F2E9}"
EndProject
Project("{9A19103F-16F7-4668-BE54-9A1E7A4F7556}") = "AppointmentService.Domain", "AppointmentService.Domain\AppointmentService.Domain.csproj", "{79CE44AB-C5AC-4204-9CEA-7649EE873059}"
EndProject
Project("{9A19103F-16F7-4668-BE54-9A1E7A4F7556}") = "AppointmentService.Infrastructure", "AppointmentService.Infrastructure\AppointmentService.Infrastructure.csproj", "{A4247630-C22E-4EBE-B0E0-2B0213A7B821}"
EndProject
Project("{9A19103F-16F7-4668-BE54-9A1E7A4F7556}") = "AppointmentService.Tests", "AppointmentService.Tests\AppointmentService.Tests.csproj", "{C57C2EAF-DFFF-48F3-A5DF-77FE66121943}"
EndProject
Project("{2150E333-8FDC-42A3-9474-1A3956D46DE8}") = "NotificationService", "NotificationService", "{4134938C-80DB-435E-AD65-FAF26A91E58B}"
EndProject
Project("{9A19103F-16F7-4668-BE54-9A1E7A4F7556}") = "NotificationService", "NotificationService\NotificationService.csproj", "{1BE4B250-CB22-4A90-8697-471EA6067D2B}"
EndProject
Project("{2150E333-8FDC-42A3-9474-1A3956D46DE8}") = "NotificationGatewayService", "NotificationGatewayService", "{29D3D061-F191-46ED-9D9F-230F7CF6E3B3}"
EndProject
Project("{9A19103F-16F7-4668-BE54-9A1E7A4F7556}") = "NotificationGateway", "NotificationGateway\NotificationGateway.csproj", "{ED74E900-3254-40A0-A9BE-88673194AE52}"
EndProject
Global
	GlobalSection(SolutionConfigurationPlatforms) = preSolution
		Debug|Any CPU = Debug|Any CPU
		Release|Any CPU = Release|Any CPU
	EndGlobalSection
	GlobalSection(ProjectConfigurationPlatforms) = postSolution
		{CF89B71A-9B01-4488-92B2-6C356FC15A8D}.Debug|Any CPU.ActiveCfg = Debug|Any CPU
		{CF89B71A-9B01-4488-92B2-6C356FC15A8D}.Debug|Any CPU.Build.0 = Debug|Any CPU
		{CF89B71A-9B01-4488-92B2-6C356FC15A8D}.Release|Any CPU.ActiveCfg = Release|Any CPU
		{CF89B71A-9B01-4488-92B2-6C356FC15A8D}.Release|Any CPU.Build.0 = Release|Any CPU
		{B9081EFC-FDE7-4DFB-904D-4EE4E8CDED5A}.Debug|Any CPU.ActiveCfg = Debug|Any CPU
		{B9081EFC-FDE7-4DFB-904D-4EE4E8CDED5A}.Debug|Any CPU.Build.0 = Debug|Any CPU
		{B9081EFC-FDE7-4DFB-904D-4EE4E8CDED5A}.Release|Any CPU.ActiveCfg = Release|Any CPU
		{B9081EFC-FDE7-4DFB-904D-4EE4E8CDED5A}.Release|Any CPU.Build.0 = Release|Any CPU
		{7C63F792-AAF7-4C5D-86BC-AA6C2301F2E9}.Debug|Any CPU.ActiveCfg = Debug|Any CPU
		{7C63F792-AAF7-4C5D-86BC-AA6C2301F2E9}.Debug|Any CPU.Build.0 = Debug|Any CPU
		{7C63F792-AAF7-4C5D-86BC-AA6C2301F2E9}.Release|Any CPU.ActiveCfg = Release|Any CPU
		{7C63F792-AAF7-4C5D-86BC-AA6C2301F2E9}.Release|Any CPU.Build.0 = Release|Any CPU
		{79CE44AB-C5AC-4204-9CEA-7649EE873059}.Debug|Any CPU.ActiveCfg = Debug|Any CPU
		{79CE44AB-C5AC-4204-9CEA-7649EE873059}.Debug|Any CPU.Build.0 = Debug|Any CPU
		{79CE44AB-C5AC-4204-9CEA-7649EE873059}.Release|Any CPU.ActiveCfg = Release|Any CPU
		{79CE44AB-C5AC-4204-9CEA-7649EE873059}.Release|Any CPU.Build.0 = Release|Any CPU
		{A4247630-C22E-4EBE-B0E0-2B0213A7B821}.Debug|Any CPU.ActiveCfg = Debug|Any CPU
		{A4247630-C22E-4EBE-B0E0-2B0213A7B821}.Debug|Any CPU.Build.0 = Debug|Any CPU
		{A4247630-C22E-4EBE-B0E0-2B0213A7B821}.Release|Any CPU.ActiveCfg = Release|Any CPU
		{A4247630-C22E-4EBE-B0E0-2B0213A7B821}.Release|Any CPU.Build.0 = Release|Any CPU
		{C57C2EAF-DFFF-48F3-A5DF-77FE66121943}.Debug|Any CPU.ActiveCfg = Debug|Any CPU
		{C57C2EAF-DFFF-48F3-A5DF-77FE66121943}.Debug|Any CPU.Build.0 = Debug|Any CPU
		{C57C2EAF-DFFF-48F3-A5DF-77FE66121943}.Release|Any CPU.ActiveCfg = Release|Any CPU
		{C57C2EAF-DFFF-48F3-A5DF-77FE66121943}.Release|Any CPU.Build.0 = Release|Any CPU
		{1BE4B250-CB22-4A90-8697-471EA6067D2B}.Debug|Any CPU.ActiveCfg = Debug|Any CPU
		{1BE4B250-CB22-4A90-8697-471EA6067D2B}.Debug|Any CPU.Build.0 = Debug|Any CPU
		{1BE4B250-CB22-4A90-8697-471EA6067D2B}.Release|Any CPU.ActiveCfg = Release|Any CPU
		{1BE4B250-CB22-4A90-8697-471EA6067D2B}.Release|Any CPU.Build.0 = Release|Any CPU
		{ED74E900-3254-40A0-A9BE-88673194AE52}.Debug|Any CPU.ActiveCfg = Debug|Any CPU
		{ED74E900-3254-40A0-A9BE-88673194AE52}.Debug|Any CPU.Build.0 = Debug|Any CPU
		{ED74E900-3254-40A0-A9BE-88673194AE52}.Release|Any CPU.ActiveCfg = Release|Any CPU
		{ED74E900-3254-40A0-A9BE-88673194AE52}.Release|Any CPU.Build.0 = Release|Any CPU
	EndGlobalSection
	GlobalSection(SolutionProperties) = preSolution
		HideSolutionNode = FALSE
	EndGlobalSection
	GlobalSection(NestedProjects) = preSolution
		{1339D439-4587-4BB5-B936-FBE196AB910F} = {F2621886-FC06-4BE7-9B76-759D593223E3}
		{1F279679-946F-4C2F-B425-099ECA7D23B5} = {1339D439-4587-4BB5-B936-FBE196AB910F}
		{CF89B71A-9B01-4488-92B2-6C356FC15A8D} = {1F279679-946F-4C2F-B425-099ECA7D23B5}
		{CC600BE8-DE3D-4B26-9A1B-760C6EA40366} = {1339D439-4587-4BB5-B936-FBE196AB910F}
		{B9081EFC-FDE7-4DFB-904D-4EE4E8CDED5A} = {CC600BE8-DE3D-4B26-9A1B-760C6EA40366}
		{7C63F792-AAF7-4C5D-86BC-AA6C2301F2E9} = {CC600BE8-DE3D-4B26-9A1B-760C6EA40366}
		{79CE44AB-C5AC-4204-9CEA-7649EE873059} = {CC600BE8-DE3D-4B26-9A1B-760C6EA40366}
		{A4247630-C22E-4EBE-B0E0-2B0213A7B821} = {CC600BE8-DE3D-4B26-9A1B-760C6EA40366}
		{C57C2EAF-DFFF-48F3-A5DF-77FE66121943} = {CC600BE8-DE3D-4B26-9A1B-760C6EA40366}
		{4134938C-80DB-435E-AD65-FAF26A91E58B} = {1339D439-4587-4BB5-B936-FBE196AB910F}
		{1BE4B250-CB22-4A90-8697-471EA6067D2B} = {4134938C-80DB-435E-AD65-FAF26A91E58B}
		{29D3D061-F191-46ED-9D9F-230F7CF6E3B3} = {1339D439-4587-4BB5-B936-FBE196AB910F}
		{ED74E900-3254-40A0-A9BE-88673194AE52} = {29D3D061-F191-46ED-9D9F-230F7CF6E3B3}
	EndGlobalSection
	GlobalSection(ExtensibilityGlobals) = postSolution
		SolutionGuid = {3B345F93-7612-43D8-8C85-60E06505694D}
	EndGlobalSection
EndGlobal
